github.com/apexlang/tinyjson v0.9.1-0.20220929010544-92ef7a6da107 h1:GljFiJysL3S8SBhXWU47Emj34D3pVZgJ+Amj+jhM4fQ=
github.com/apexlang/tinyjson v0.9.1-0.20220929010544-92ef7a6da107/go.mod h1:5+7QnSKrkIWnpIdhUT2t2EYzXnII3/3MlM0oDsBSbc8=
github.com/davecgh/go-spew v1.1.1 h1:vj9j/u1bqnvCEfJOwUhtlOARqs3+rkHYY13jYWTU97c=
github.com/iancoleman/strcase v0.2.0 h1:05I4QRnGpI0m37iZQRuskXh+w77mr6Z41lwQzuHLwW0=
github.com/iancoleman/strcase v0.2.0/go.mod h1:iwCmte+B7n89clKwxIoIXy/HfoL7AsD47ZCWhYzw7ho=
github.com/josharian/intern v1.0.0 h1:vlS4z54oSdjm0bgjRigI+G1HpF+tI+9rE5LLzOg8HmY=
github.com/josharian/intern v1.0.0/go.mod h1:5DoeVV0s6jJacbCEi61lwdGj/aVlrQvzHFFd8Hwg//Y=
github.com/pmezard/go-difflib v1.0.0 h1:4DBwDE0NGyQoBHbLQYPwSUPoCMWR5BEzIk/f1lZbAQM=
github.com/stretchr/testify v1.8.0 h1:pSgiaMZlXftHpm5L7V1+rVB+AZJydKsMxsQBIJw4PKk=
github.com/tetratelabs/tinymem v0.1.0 h1:Qza1JAg9lquPPJ/CIei5qQYx7t18KLie83O2WR6CM58=
github.com/tetratelabs/tinymem v0.1.0/go.mod h1:WFFTZFhLod6lTL+UetFAopVbGaB+KFsVcIY+RUv7NeY=
github.com/wapc/tinygo-msgpack v0.1.6 h1:geW3N0MAVehJBZp1ITnK2J1R2woI/S1APJB+tFShO6Y=
github.com/wapc/tinygo-msgpack v0.1.6/go.mod h1:2P4rQimy/6oQAkytwC2LdtVjLJ2D1dYkQHejfCtZXZQ=
github.com/wapc/wapc-guest-tinygo v0.3.3 h1:jLebiwjVSHLGnS+BRabQ6+XOV7oihVWAc05Hf1SbeR0=
github.com/wapc/wapc-guest-tinygo v0.3.3/go.mod h1:mzM3CnsdSYktfPkaBdZ8v88ZlfUDEy5Jh5XBOV3fYcw=
gopkg.in/yaml.v3 v3.0.1 h1:fxVm/GzAzEWqLHuvctI91KS9hhNmmWOoWu0XTYJS7CA=
