github.com/mitchellh/go-homedir v1.1.0 h1:lukF9ziXFxDFPkA1vsr5zpc1XuPDn/wFntq5mG+4E0Y=
github.com/mitchellh/go-homedir v1.1.0/go.mod h1:SfyaCUpYCn1Vlf4IUYiD9fPX4A5wJrkLzIz1N1q0pr0=
github.com/tetratelabs/wazero v1.0.0-pre.2 h1:sHYi8DKUL7s7c4sKz6lw0pNqky5EogYK0Iq4pSIsDog=
github.com/tetratelabs/wazero v1.0.0-pre.2/go.mod h1:M8UDNECGm/HVjOfq0EOe4QfCY9Les1eq54IChMLETbc=
